
Microsoft Visual Studio Solution File, Format Version 12.00
# Visual Studio Version 16
VisualStudioVersion = 16.0.30717.126
MinimumVisualStudioVersion = 10.0.40219.1
Project("{9A19103F-16F7-4668-BE54-9A1E7A4F7556}") = "OpenFTTH.EventSourcing", "OpenFTTH.EventSourcing\OpenFTTH.EventSourcing.csproj", "{3919A9AE-1644-4BD2-B746-0D0C878BE508}"
EndProject
Project("{FAE04EC0-301F-11D3-BF4B-00C04F79EFBC}") = "OpenFTTH.EventSourcing.Tests", "OpenFTTH.EventSourcing.Tests\OpenFTTH.EventSourcing.Tests.csproj", "{925700D5-A0C3-46E9-9C3F-E7ED5136AFB3}"
EndProject
Global
	GlobalSection(SolutionConfigurationPlatforms) = preSolution
		Debug|Any CPU = Debug|Any CPU
		Release|Any CPU = Release|Any CPU
	EndGlobalSection
	GlobalSection(ProjectConfigurationPlatforms) = postSolution
		{3919A9AE-1644-4BD2-B746-0D0C878BE508}.Debug|Any CPU.ActiveCfg = Debug|Any CPU
		{3919A9AE-1644-4BD2-B746-0D0C878BE508}.Debug|Any CPU.Build.0 = Debug|Any CPU
		{3919A9AE-1644-4BD2-B746-0D0C878BE508}.Release|Any CPU.ActiveCfg = Release|Any CPU
		{3919A9AE-1644-4BD2-B746-0D0C878BE508}.Release|Any CPU.Build.0 = Release|Any CPU
		{925700D5-A0C3-46E9-9C3F-E7ED5136AFB3}.Debug|Any CPU.ActiveCfg = Debug|Any CPU
		{925700D5-A0C3-46E9-9C3F-E7ED5136AFB3}.Debug|Any CPU.Build.0 = Debug|Any CPU
		{925700D5-A0C3-46E9-9C3F-E7ED5136AFB3}.Release|Any CPU.ActiveCfg = Release|Any CPU
		{925700D5-A0C3-46E9-9C3F-E7ED5136AFB3}.Release|Any CPU.Build.0 = Release|Any CPU
	EndGlobalSection
	GlobalSection(SolutionProperties) = preSolution
		HideSolutionNode = FALSE
	EndGlobalSection
	GlobalSection(ExtensibilityGlobals) = postSolution
		SolutionGuid = {A0A18841-CE6E-4241-B60D-FFC03ED23AF2}
	EndGlobalSection
EndGlobal
